
Microsoft Visual Studio Solution File, Format Version 12.00
# Visual Studio Version 17
VisualStudioVersion = 17.14.36511.14 d17.14
MinimumVisualStudioVersion = 10.0.40219.1
Project("{888888A0-9F3D-457C-B088-3A5042F75D52}") = "Online Shopping E Commerce", "Online Shopping E Commerce.pyproj", "{C445FB12-8682-47B6-BEC4-D00E10B2E78A}"
EndProject
Global
	GlobalSection(SolutionConfigurationPlatforms) = preSolution
		Debug|Any CPU = Debug|Any CPU
		Release|Any CPU = Release|Any CPU
	EndGlobalSection
	GlobalSection(ProjectConfigurationPlatforms) = postSolution
		{C445FB12-8682-47B6-BEC4-D00E10B2E78A}.Debug|Any CPU.ActiveCfg = Debug|Any CPU
		{C445FB12-8682-47B6-BEC4-D00E10B2E78A}.Debug|Any CPU.Build.0 = Debug|Any CPU
		{C445FB12-8682-47B6-BEC4-D00E10B2E78A}.Release|Any CPU.ActiveCfg = Release|Any CPU
		{C445FB12-8682-47B6-BEC4-D00E10B2E78A}.Release|Any CPU.Build.0 = Release|Any CPU
	EndGlobalSection
	GlobalSection(SolutionProperties) = preSolution
		HideSolutionNode = FALSE
	EndGlobalSection
	GlobalSection(ExtensibilityGlobals) = postSolution
		SolutionGuid = {10F09637-4B55-4B22-B9CC-0FA99CB055B8}
	EndGlobalSection
EndGlobal
